
Microsoft Visual Studio Solution File, Format Version 12.00
# Visual Studio Version 17
VisualStudioVersion = 17.14.36203.30
MinimumVisualStudioVersion = 10.0.40219.1
Project("{FAE04EC0-301F-11D3-BF4B-00C04F79EFBC}") = "BlazorArticleEditor", "BlazorArticleEditor\BlazorArticleEditor.csproj", "{29EC09BA-FD36-7C46-3F71-9C5FD39A26FD}"
EndProject
Project("{FAE04EC0-301F-11D3-BF4B-00C04F79EFBC}") = "BlazorArticleWeb", "BlazorArticleWeb\BlazorArticleWeb.csproj", "{63492331-1156-FD3B-BC4B-D485218D6654}"
EndProject
Global
	GlobalSection(SolutionConfigurationPlatforms) = preSolution
		Debug|Any CPU = Debug|Any CPU
		Release|Any CPU = Release|Any CPU
	EndGlobalSection
	GlobalSection(ProjectConfigurationPlatforms) = postSolution
		{29EC09BA-FD36-7C46-3F71-9C5FD39A26FD}.Debug|Any CPU.ActiveCfg = Debug|Any CPU
		{29EC09BA-FD36-7C46-3F71-9C5FD39A26FD}.Debug|Any CPU.Build.0 = Debug|Any CPU
		{29EC09BA-FD36-7C46-3F71-9C5FD39A26FD}.Release|Any CPU.ActiveCfg = Release|Any CPU
		{29EC09BA-FD36-7C46-3F71-9C5FD39A26FD}.Release|Any CPU.Build.0 = Release|Any CPU
		{63492331-1156-FD3B-BC4B-D485218D6654}.Debug|Any CPU.ActiveCfg = Debug|Any CPU
		{63492331-1156-FD3B-BC4B-D485218D6654}.Debug|Any CPU.Build.0 = Debug|Any CPU
		{63492331-1156-FD3B-BC4B-D485218D6654}.Release|Any CPU.ActiveCfg = Release|Any CPU
		{63492331-1156-FD3B-BC4B-D485218D6654}.Release|Any CPU.Build.0 = Release|Any CPU
	EndGlobalSection
	GlobalSection(SolutionProperties) = preSolution
		HideSolutionNode = FALSE
	EndGlobalSection
	GlobalSection(ExtensibilityGlobals) = postSolution
		SolutionGuid = {680F2BC5-7B71-4FD5-A5E4-A714DFE41F7E}
	EndGlobalSection
EndGlobal
